
Microsoft Visual Studio Solution File, Format Version 12.00
# Visual Studio 15
VisualStudioVersion = 15.0.28307.1525
MinimumVisualStudioVersion = 10.0.40219.1
Project("{FAE04EC0-301F-11D3-BF4B-00C04F79EFBC}") = "StoreFront.UI.MVC", "StoreFront.UI.MVC\StoreFront.UI.MVC.csproj", "{F5C15BA1-1162-4841-B929-539867C39A02}"
EndProject
Project("{FAE04EC0-301F-11D3-BF4B-00C04F79EFBC}") = "StoreFront.DATA.EF", "StoreFront.DATA.EF\StoreFront.DATA.EF.csproj", "{9E72E303-0D99-48DA-94E0-4909C06C244A}"
EndProject
Global
	GlobalSection(SolutionConfigurationPlatforms) = preSolution
		Debug|Any CPU = Debug|Any CPU
		Release|Any CPU = Release|Any CPU
	EndGlobalSection
	GlobalSection(ProjectConfigurationPlatforms) = postSolution
		{F5C15BA1-1162-4841-B929-539867C39A02}.Debug|Any CPU.ActiveCfg = Debug|Any CPU
		{F5C15BA1-1162-4841-B929-539867C39A02}.Debug|Any CPU.Build.0 = Debug|Any CPU
		{F5C15BA1-1162-4841-B929-539867C39A02}.Release|Any CPU.ActiveCfg = Release|Any CPU
		{F5C15BA1-1162-4841-B929-539867C39A02}.Release|Any CPU.Build.0 = Release|Any CPU
		{9E72E303-0D99-48DA-94E0-4909C06C244A}.Debug|Any CPU.ActiveCfg = Debug|Any CPU
		{9E72E303-0D99-48DA-94E0-4909C06C244A}.Debug|Any CPU.Build.0 = Debug|Any CPU
		{9E72E303-0D99-48DA-94E0-4909C06C244A}.Release|Any CPU.ActiveCfg = Release|Any CPU
		{9E72E303-0D99-48DA-94E0-4909C06C244A}.Release|Any CPU.Build.0 = Release|Any CPU
	EndGlobalSection
	GlobalSection(SolutionProperties) = preSolution
		HideSolutionNode = FALSE
	EndGlobalSection
	GlobalSection(ExtensibilityGlobals) = postSolution
		SolutionGuid = {37E8FE9F-3B06-487B-8703-219269004C18}
	EndGlobalSection
EndGlobal
